
Microsoft Visual Studio Solution File, Format Version 11.00
# Visual Studio 2010
Project("{FAE04EC0-301F-11D3-BF4B-00C04F79EFBC}") = "BookShelf.Model", "BookShelf.Model\BookShelf.Model.csproj", "{3D4E9B8E-40B8-4754-8282-41A679169A4B}"
EndProject
Project("{FAE04EC0-301F-11D3-BF4B-00C04F79EFBC}") = "BookShelf.DataAccess", "BookShelf.DataAccess\BookShelf.DataAccess.csproj", "{E247503D-6C50-4CEB-BB49-98D0B582447A}"
EndProject
Project("{FAE04EC0-301F-11D3-BF4B-00C04F79EFBC}") = "BookShelf", "BookShelf\BookShelf.csproj", "{3ECF17DB-5399-4187-B8EF-BAE67C30572C}"
EndProject
Global
	GlobalSection(SolutionConfigurationPlatforms) = preSolution
		Debug|Any CPU = Debug|Any CPU
		Debug|Mixed Platforms = Debug|Mixed Platforms
		Debug|x86 = Debug|x86
		Release|Any CPU = Release|Any CPU
		Release|Mixed Platforms = Release|Mixed Platforms
		Release|x86 = Release|x86
	EndGlobalSection
	GlobalSection(ProjectConfigurationPlatforms) = postSolution
		{3D4E9B8E-40B8-4754-8282-41A679169A4B}.Debug|Any CPU.ActiveCfg = Debug|Any CPU
		{3D4E9B8E-40B8-4754-8282-41A679169A4B}.Debug|Any CPU.Build.0 = Debug|Any CPU
		{3D4E9B8E-40B8-4754-8282-41A679169A4B}.Debug|Mixed Platforms.ActiveCfg = Debug|Any CPU
		{3D4E9B8E-40B8-4754-8282-41A679169A4B}.Debug|Mixed Platforms.Build.0 = Debug|Any CPU
		{3D4E9B8E-40B8-4754-8282-41A679169A4B}.Debug|x86.ActiveCfg = Debug|Any CPU
		{3D4E9B8E-40B8-4754-8282-41A679169A4B}.Release|Any CPU.ActiveCfg = Release|Any CPU
		{3D4E9B8E-40B8-4754-8282-41A679169A4B}.Release|Any CPU.Build.0 = Release|Any CPU
		{3D4E9B8E-40B8-4754-8282-41A679169A4B}.Release|Mixed Platforms.ActiveCfg = Release|Any CPU
		{3D4E9B8E-40B8-4754-8282-41A679169A4B}.Release|Mixed Platforms.Build.0 = Release|Any CPU
		{3D4E9B8E-40B8-4754-8282-41A679169A4B}.Release|x86.ActiveCfg = Release|Any CPU
		{E247503D-6C50-4CEB-BB49-98D0B582447A}.Debug|Any CPU.ActiveCfg = Debug|Any CPU
		{E247503D-6C50-4CEB-BB49-98D0B582447A}.Debug|Any CPU.Build.0 = Debug|Any CPU
		{E247503D-6C50-4CEB-BB49-98D0B582447A}.Debug|Mixed Platforms.ActiveCfg = Debug|Any CPU
		{E247503D-6C50-4CEB-BB49-98D0B582447A}.Debug|Mixed Platforms.Build.0 = Debug|Any CPU
		{E247503D-6C50-4CEB-BB49-98D0B582447A}.Debug|x86.ActiveCfg = Debug|Any CPU
		{E247503D-6C50-4CEB-BB49-98D0B582447A}.Release|Any CPU.ActiveCfg = Release|Any CPU
		{E247503D-6C50-4CEB-BB49-98D0B582447A}.Release|Any CPU.Build.0 = Release|Any CPU
		{E247503D-6C50-4CEB-BB49-98D0B582447A}.Release|Mixed Platforms.ActiveCfg = Release|Any CPU
		{E247503D-6C50-4CEB-BB49-98D0B582447A}.Release|Mixed Platforms.Build.0 = Release|Any CPU
		{E247503D-6C50-4CEB-BB49-98D0B582447A}.Release|x86.ActiveCfg = Release|Any CPU
		{3ECF17DB-5399-4187-B8EF-BAE67C30572C}.Debug|Any CPU.ActiveCfg = Debug|x86
		{3ECF17DB-5399-4187-B8EF-BAE67C30572C}.Debug|Mixed Platforms.ActiveCfg = Debug|x86
		{3ECF17DB-5399-4187-B8EF-BAE67C30572C}.Debug|Mixed Platforms.Build.0 = Debug|x86
		{3ECF17DB-5399-4187-B8EF-BAE67C30572C}.Debug|x86.ActiveCfg = Debug|x86
		{3ECF17DB-5399-4187-B8EF-BAE67C30572C}.Debug|x86.Build.0 = Debug|x86
		{3ECF17DB-5399-4187-B8EF-BAE67C30572C}.Release|Any CPU.ActiveCfg = Release|x86
		{3ECF17DB-5399-4187-B8EF-BAE67C30572C}.Release|Mixed Platforms.ActiveCfg = Release|x86
		{3ECF17DB-5399-4187-B8EF-BAE67C30572C}.Release|Mixed Platforms.Build.0 = Release|x86
		{3ECF17DB-5399-4187-B8EF-BAE67C30572C}.Release|x86.ActiveCfg = Release|x86
		{3ECF17DB-5399-4187-B8EF-BAE67C30572C}.Release|x86.Build.0 = Release|x86
	EndGlobalSection
	GlobalSection(SolutionProperties) = preSolution
		HideSolutionNode = FALSE
	EndGlobalSection
EndGlobal
